
Microsoft Visual Studio Solution File, Format Version 12.00
# Visual Studio Version 17
VisualStudioVersion = 17.7.34202.233
MinimumVisualStudioVersion = 10.0.40219.1
Project("{FAE04EC0-301F-11D3-BF4B-00C04F79EFBC}") = "NetzplanAnalyse", "NetzplanAnalyse.csproj", "{BFE5E88C-F2AB-4E42-8DC3-DDD339DC4FC8}"
EndProject
Global
	GlobalSection(SolutionConfigurationPlatforms) = preSolution
		Debug|Any CPU = Debug|Any CPU
		Release|Any CPU = Release|Any CPU
	EndGlobalSection
	GlobalSection(ProjectConfigurationPlatforms) = postSolution
		{BFE5E88C-F2AB-4E42-8DC3-DDD339DC4FC8}.Debug|Any CPU.ActiveCfg = Debug|Any CPU
		{BFE5E88C-F2AB-4E42-8DC3-DDD339DC4FC8}.Debug|Any CPU.Build.0 = Debug|Any CPU
		{BFE5E88C-F2AB-4E42-8DC3-DDD339DC4FC8}.Release|Any CPU.ActiveCfg = Release|Any CPU
		{BFE5E88C-F2AB-4E42-8DC3-DDD339DC4FC8}.Release|Any CPU.Build.0 = Release|Any CPU
	EndGlobalSection
	GlobalSection(SolutionProperties) = preSolution
		HideSolutionNode = FALSE
	EndGlobalSection
	GlobalSection(ExtensibilityGlobals) = postSolution
		SolutionGuid = {783FB0ED-2C2D-4A12-99E7-91D1798FA311}
	EndGlobalSection
EndGlobal
